
Microsoft Visual Studio Solution File, Format Version 12.00
# Visual Studio 2013
VisualStudioVersion = 12.0.21005.1
MinimumVisualStudioVersion = 10.0.40219.1
Project("{F184B08F-C81C-45F6-A57F-5ABD9991F28F}") = "DavidSizes", "DavidSizes\DavidSizes.vbproj", "{CD8E53D2-B177-494B-AE08-1CEEF98E43D7}"
EndProject
Project("{F184B08F-C81C-45F6-A57F-5ABD9991F28F}") = "SizesWinForms", "SizesWinForms\SizesWinForms.vbproj", "{691E625F-8BDD-449B-890C-390912D5F0B9}"
EndProject
Project("{F184B08F-C81C-45F6-A57F-5ABD9991F28F}") = "SizesWpf", "SizesWpf\SizesWpf.vbproj", "{12C64D8B-5945-43A4-B964-6D62D1C731F0}"
EndProject
Global
	GlobalSection(SolutionConfigurationPlatforms) = preSolution
		Debug|Any CPU = Debug|Any CPU
		Release|Any CPU = Release|Any CPU
	EndGlobalSection
	GlobalSection(ProjectConfigurationPlatforms) = postSolution
		{CD8E53D2-B177-494B-AE08-1CEEF98E43D7}.Debug|Any CPU.ActiveCfg = Debug|Any CPU
		{CD8E53D2-B177-494B-AE08-1CEEF98E43D7}.Debug|Any CPU.Build.0 = Debug|Any CPU
		{CD8E53D2-B177-494B-AE08-1CEEF98E43D7}.Release|Any CPU.ActiveCfg = Release|Any CPU
		{CD8E53D2-B177-494B-AE08-1CEEF98E43D7}.Release|Any CPU.Build.0 = Release|Any CPU
		{691E625F-8BDD-449B-890C-390912D5F0B9}.Debug|Any CPU.ActiveCfg = Debug|Any CPU
		{691E625F-8BDD-449B-890C-390912D5F0B9}.Debug|Any CPU.Build.0 = Debug|Any CPU
		{691E625F-8BDD-449B-890C-390912D5F0B9}.Release|Any CPU.ActiveCfg = Release|Any CPU
		{691E625F-8BDD-449B-890C-390912D5F0B9}.Release|Any CPU.Build.0 = Release|Any CPU
		{12C64D8B-5945-43A4-B964-6D62D1C731F0}.Debug|Any CPU.ActiveCfg = Debug|Any CPU
		{12C64D8B-5945-43A4-B964-6D62D1C731F0}.Debug|Any CPU.Build.0 = Debug|Any CPU
		{12C64D8B-5945-43A4-B964-6D62D1C731F0}.Release|Any CPU.ActiveCfg = Release|Any CPU
		{12C64D8B-5945-43A4-B964-6D62D1C731F0}.Release|Any CPU.Build.0 = Release|Any CPU
	EndGlobalSection
	GlobalSection(SolutionProperties) = preSolution
		HideSolutionNode = FALSE
	EndGlobalSection
EndGlobal
